{
  "name": "@google-web-components/google-signin",
  "version": "3.0.1",
  "lockfileVersion": 1,
  "requires": true,
  "dependencies": {
    "@google-web-components/google-apis": {
      "version": "3.0.1",
      "resolved": "https://registry.npmjs.org/@google-web-components/google-apis/-/google-apis-3.0.1.tgz",
      "integrity": "sha512-mOY53UgHz0bQKLRhunMgC+2skTHniq7UWlQ3rs3x9tcZDbTuxe5d9tZA1wt/j4vXViBHa//G+b3Syx8XOoqAwg==",
      "requires": {
        "@polymer/iron-jsonp-library": "^3.0.0-pre.19",
        "@polymer/polymer": "^3.0.0"
      }
    },
    "@polymer/font-roboto": {
      "version": "3.0.2",
      "resolved": "https://registry.npmjs.org/@polymer/font-roboto/-/font-roboto-3.0.2.tgz",
      "integrity": "sha512-tx5TauYSmzsIvmSqepUPDYbs4/Ejz2XbZ1IkD7JEGqkdNUJlh+9KU85G56Tfdk/xjEZ8zorFfN09OSwiMrIQWA=="
    },
    "@polymer/iron-a11y-keys-behavior": {
      "version": "3.0.1",
      "resolved": "https://registry.npmjs.org/@polymer/iron-a11y-keys-behavior/-/iron-a11y-keys-behavior-3.0.1.tgz",
      "integrity": "sha512-lnrjKq3ysbBPT/74l0Fj0U9H9C35Tpw2C/tpJ8a+5g8Y3YJs1WSZYnEl1yOkw6sEyaxOq/1DkzH0+60gGu5/PQ==",
      "requires": {
        "@polymer/polymer": "^3.0.0"
      }
    },
    "@polymer/iron-flex-layout": {
      "version": "3.0.1",
      "resolved": "https://registry.npmjs.org/@polymer/iron-flex-layout/-/iron-flex-layout-3.0.1.tgz",
      "integrity": "sha512-7gB869czArF+HZcPTVSgvA7tXYFze9EKckvM95NB7SqYF+NnsQyhoXgKnpFwGyo95lUjUW9TFDLUwDXnCYFtkw==",
      "requires": {
        "@polymer/polymer": "^3.0.0"
      }
    },
    "@polymer/iron-icon": {
      "version": "3.0.1",
      "resolved": "https://registry.npmjs.org/@polymer/iron-icon/-/iron-icon-3.0.1.tgz",
      "integrity": "sha512-QLPwirk+UPZNaLnMew9VludXA4CWUCenRewgEcGYwdzVgDPCDbXxy6vRJjmweZobMQv/oVLppT2JZtJFnPxX6g==",
      "requires": {
        "@polymer/iron-flex-layout": "^3.0.0-pre.26",
        "@polymer/iron-meta": "^3.0.0-pre.26",
        "@polymer/polymer": "^3.0.0"
      }
    },
    "@polymer/iron-iconset-svg": {
      "version": "3.0.1",
      "resolved": "https://registry.npmjs.org/@polymer/iron-iconset-svg/-/iron-iconset-svg-3.0.1.tgz",
      "integrity": "sha512-XNwURbNHRw6u2fJe05O5fMYye6GSgDlDqCO+q6K1zAnKIrpgZwf2vTkBd5uCcZwsN0FyCB3mvNZx4jkh85dRDw==",
      "requires": {
        "@polymer/iron-meta": "^3.0.0-pre.26",
        "@polymer/polymer": "^3.0.0"
      }
    },
    "@polymer/iron-jsonp-library": {
      "version": "3.0.1",
      "resolved": "https://registry.npmjs.org/@polymer/iron-jsonp-library/-/iron-jsonp-library-3.0.1.tgz",
      "integrity": "sha512-JpIommURLt9DCqcaJaxsUiDWEaVWV2zoq12oJAMO65Do9Sl9TAv556bI7I4mLJcE40otPZ4wYap4kFViORMiKA==",
      "requires": {
        "@polymer/polymer": "^3.0.0"
      }
    },
    "@polymer/iron-meta": {
      "version": "3.0.1",
      "resolved": "https://registry.npmjs.org/@polymer/iron-meta/-/iron-meta-3.0.1.tgz",
      "integrity": "sha512-pWguPugiLYmWFV9UWxLWzZ6gm4wBwQdDy4VULKwdHCqR7OP7u98h+XDdGZsSlDPv6qoryV/e3tGHlTIT0mbzJA==",
      "requires": {
        "@polymer/polymer": "^3.0.0"
      }
    },
    "@polymer/paper-material": {
      "version": "3.0.1",
      "resolved": "https://registry.npmjs.org/@polymer/paper-material/-/paper-material-3.0.1.tgz",
      "integrity": "sha512-FUa3iqEcwjYtUzMqIh9cEfdTJE8ZtRasAzxVbck5GChthA/T2HwnhjAyqzN4lusVMyafdl3rjNEwhVPK/Pmykg==",
      "requires": {
        "@polymer/paper-styles": "^3.0.0-pre.26",
        "@polymer/polymer": "^3.0.0"
      }
    },
    "@polymer/paper-ripple": {
      "version": "3.0.1",
      "resolved": "https://registry.npmjs.org/@polymer/paper-ripple/-/paper-ripple-3.0.1.tgz",
      "integrity": "sha512-dgOe12GyCF1VZBLUQqnzGWlf3xb255FajNCVB1VFj/AtskYtoamnafa7m3a+1vs+C8qbg4Benn5KwgxVDSW4cg==",
      "requires": {
        "@polymer/iron-a11y-keys-behavior": "^3.0.0-pre.26",
        "@polymer/polymer": "^3.0.0"
      }
    },
    "@polymer/paper-styles": {
      "version": "3.0.1",
      "resolved": "https://registry.npmjs.org/@polymer/paper-styles/-/paper-styles-3.0.1.tgz",
      "integrity": "sha512-y6hmObLqlCx602TQiSBKHqjwkE7xmDiFkoxdYGaNjtv4xcysOTdVJsDR/R9UHwIaxJ7gHlthMSykir1nv78++g==",
      "requires": {
        "@polymer/font-roboto": "^3.0.1",
        "@polymer/iron-flex-layout": "^3.0.0-pre.26",
        "@polymer/polymer": "^3.0.0"
      }
    },
    "@polymer/polymer": {
      "version": "3.1.0",
      "resolved": "https://registry.npmjs.org/@polymer/polymer/-/polymer-3.1.0.tgz",
      "integrity": "sha512-hwN8IMERsFATz/9dSMxYHL+84J9uBkPuuarxJWlTsppZ4CAYTZKnepBfNrKoyNsafBmA3yXBiiKPPf+fJtza7A==",
      "requires": {
        "@webcomponents/shadycss": "^1.5.2"
      }
    },
    "@webcomponents/shadycss": {
      "version": "1.7.1",
      "resolved": "https://registry.npmjs.org/@webcomponents/shadycss/-/shadycss-1.7.1.tgz",
      "integrity": "sha512-6SZqLajRPWL0rrKDZOGF8PCBq5B9JqgFmE5rX5psk6i8WrqiMkSCuO8+rnirzViTsU5CqnjQPFC3OvG4YJdMrQ=="
    }
  }
}
